// !$*UTF8*$!
{
	archiveVersion = 1;
	classes = {
	};
	objectVersion = 56;
	objects = {

/* Begin PBXBuildFile section */
		6AA0577D2AC5E82B00CCD22A /* AppDelegate.swift in Sources */ = {isa = PBXBuildFile; fileRef = 6AA0577C2AC5E82B00CCD22A /* AppDelegate.swift */; };
		6AA0577F2AC5E82B00CCD22A /* SceneDelegate.swift in Sources */ = {isa = PBXBuildFile; fileRef = 6AA0577E2AC5E82B00CCD22A /* SceneDelegate.swift */; };
		6AA057812AC5E82B00CCD22A /* ViewController.swift in Sources */ = {isa = PBXBuildFile; fileRef = 6AA057802AC5E82B00CCD22A /* ViewController.swift */; };
		6AA057842AC5E82B00CCD22A /* Main.storyboard in Resources */ = {isa = PBXBuildFile; fileRef = 6AA057822AC5E82B00CCD22A /* Main.storyboard */; };
		6AA057862AC5E82C00CCD22A /* Assets.xcassets in Resources */ = {isa = PBXBuildFile; fileRef = 6AA057852AC5E82C00CCD22A /* Assets.xcassets */; };
		6AA057892AC5E82C00CCD22A /* LaunchScreen.storyboard in Resources */ = {isa = PBXBuildFile; fileRef = 6AA057872AC5E82C00CCD22A /* LaunchScreen.storyboard */; };
		6AA057922AC5ED3F00CCD22A /* MPLUSRounded1c-Thin.ttf in Resources */ = {isa = PBXBuildFile; fileRef = 6AA057912AC5ED3F00CCD22A /* MPLUSRounded1c-Thin.ttf */; };
		6AA057992AC5EE7500CCD22A /* MPLUSRounded1c-Bold.ttf in Resources */ = {isa = PBXBuildFile; fileRef = 6AA057932AC5EE7500CCD22A /* MPLUSRounded1c-Bold.ttf */; };
		6AA0579A2AC5EE7500CCD22A /* MPLUSRounded1c-Medium.ttf in Resources */ = {isa = PBXBuildFile; fileRef = 6AA057942AC5EE7500CCD22A /* MPLUSRounded1c-Medium.ttf */; };
		6AA0579B2AC5EE7500CCD22A /* MPLUSRounded1c-Black.ttf in Resources */ = {isa = PBXBuildFile; fileRef = 6AA057952AC5EE7500CCD22A /* MPLUSRounded1c-Black.ttf */; };
		6AA0579C2AC5EE7500CCD22A /* MPLUSRounded1c-ExtraBold.ttf in Resources */ = {isa = PBXBuildFile; fileRef = 6AA057962AC5EE7500CCD22A /* MPLUSRounded1c-ExtraBold.ttf */; };
		6AA0579D2AC5EE7500CCD22A /* MPLUSRounded1c-Regular.ttf in Resources */ = {isa = PBXBuildFile; fileRef = 6AA057972AC5EE7500CCD22A /* MPLUSRounded1c-Regular.ttf */; };
		6AA0579E2AC5EE7500CCD22A /* MPLUSRounded1c-Light.ttf in Resources */ = {isa = PBXBuildFile; fileRef = 6AA057982AC5EE7500CCD22A /* MPLUSRounded1c-Light.ttf */; };
		6AA2EDF92AC75F15008E36BF /* CroissantOne-Regular.ttf in Resources */ = {isa = PBXBuildFile; fileRef = 6AA2EDF82AC75F15008E36BF /* CroissantOne-Regular.ttf */; };
/* End PBXBuildFile section */

/* Begin PBXFileReference section */
		6AA057792AC5E82B00CCD22A /* Odev3.app */ = {isa = PBXFileReference; explicitFileType = wrapper.application; includeInIndex = 0; path = Odev3.app; sourceTree = BUILT_PRODUCTS_DIR; };
		6AA0577C2AC5E82B00CCD22A /* AppDelegate.swift */ = {isa = PBXFileReference; lastKnownFileType = sourcecode.swift; path = AppDelegate.swift; sourceTree = "<group>"; };
		6AA0577E2AC5E82B00CCD22A /* SceneDelegate.swift */ = {isa = PBXFileReference; lastKnownFileType = sourcecode.swift; path = SceneDelegate.swift; sourceTree = "<group>"; };
		6AA057802AC5E82B00CCD22A /* ViewController.swift */ = {isa = PBXFileReference; lastKnownFileType = sourcecode.swift; path = ViewController.swift; sourceTree = "<group>"; };
		6AA057832AC5E82B00CCD22A /* Base */ = {isa = PBXFileReference; lastKnownFileType = file.storyboard; name = Base; path = Base.lproj/Main.storyboard; sourceTree = "<group>"; };
		6AA057852AC5E82C00CCD22A /* Assets.xcassets */ = {isa = PBXFileReference; lastKnownFileType = folder.assetcatalog; path = Assets.xcassets; sourceTree = "<group>"; };
		6AA057882AC5E82C00CCD22A /* Base */ = {isa = PBXFileReference; lastKnownFileType = file.storyboard; name = Base; path = Base.lproj/LaunchScreen.storyboard; sourceTree = "<group>"; };
		6AA0578A2AC5E82C00CCD22A /* Info.plist */ = {isa = PBXFileReference; lastKnownFileType = text.plist.xml; path = Info.plist; sourceTree = "<group>"; };
		6AA057912AC5ED3F00CCD22A /* MPLUSRounded1c-Thin.ttf */ = {isa = PBXFileReference; lastKnownFileType = file; path = "MPLUSRounded1c-Thin.ttf"; sourceTree = "<group>"; };
		6AA057932AC5EE7500CCD22A /* MPLUSRounded1c-Bold.ttf */ = {isa = PBXFileReference; lastKnownFileType = file; path = "MPLUSRounded1c-Bold.ttf"; sourceTree = "<group>"; };
		6AA057942AC5EE7500CCD22A /* MPLUSRounded1c-Medium.ttf */ = {isa = PBXFileReference; lastKnownFileType = file; path = "MPLUSRounded1c-Medium.ttf"; sourceTree = "<group>"; };
		6AA057952AC5EE7500CCD22A /* MPLUSRounded1c-Black.ttf */ = {isa = PBXFileReference; lastKnownFileType = file; path = "MPLUSRounded1c-Black.ttf"; sourceTree = "<group>"; };
		6AA057962AC5EE7500CCD22A /* MPLUSRounded1c-ExtraBold.ttf */ = {isa = PBXFileReference; lastKnownFileType = file; path = "MPLUSRounded1c-ExtraBold.ttf"; sourceTree = "<group>"; };
		6AA057972AC5EE7500CCD22A /* MPLUSRounded1c-Regular.ttf */ = {isa = PBXFileReference; lastKnownFileType = file; path = "MPLUSRounded1c-Regular.ttf"; sourceTree = "<group>"; };
		6AA057982AC5EE7500CCD22A /* MPLUSRounded1c-Light.ttf */ = {isa = PBXFileReference; lastKnownFileType = file; path = "MPLUSRounded1c-Light.ttf"; sourceTree = "<group>"; };
		6AA2EDF62AC74EE8008E36BF /* tr */ = {isa = PBXFileReference; lastKnownFileType = text.plist.strings; name = tr; path = tr.lproj/Main.strings; sourceTree = "<group>"; };
		6AA2EDF72AC74EE8008E36BF /* tr */ = {isa = PBXFileReference; lastKnownFileType = text.plist.strings; name = tr; path = tr.lproj/LaunchScreen.strings; sourceTree = "<group>"; };
		6AA2EDF82AC75F15008E36BF /* CroissantOne-Regular.ttf */ = {isa = PBXFileReference; lastKnownFileType = file; path = "CroissantOne-Regular.ttf"; sourceTree = "<group>"; };
/* End PBXFileReference section */

/* Begin PBXFrameworksBuildPhase section */
		6AA057762AC5E82B00CCD22A /* Frameworks */ = {
			isa = PBXFrameworksBuildPhase;
			buildActionMask = 2147483647;
			files = (
			);
			runOnlyForDeploymentPostprocessing = 0;
		};
/* End PBXFrameworksBuildPhase section */

/* Begin PBXGroup section */
		6AA057702AC5E82B00CCD22A = {
			isa = PBXGroup;
			children = (
				6AA0577B2AC5E82B00CCD22A /* Odev3 */,
				6AA0577A2AC5E82B00CCD22A /* Products */,
			);
			sourceTree = "<group>";
		};
		6AA0577A2AC5E82B00CCD22A /* Products */ = {
			isa = PBXGroup;
			children = (
				6AA057792AC5E82B00CCD22A /* Odev3.app */,
			);
			name = Products;
			sourceTree = "<group>";
		};
		6AA0577B2AC5E82B00CCD22A /* Odev3 */ = {
			isa = PBXGroup;
			children = (
				6AA0577C2AC5E82B00CCD22A /* AppDelegate.swift */,
				6AA0577E2AC5E82B00CCD22A /* SceneDelegate.swift */,
				6AA057802AC5E82B00CCD22A /* ViewController.swift */,
				6AA057902AC5ED1100CCD22A /* Fonts */,
				6AA057822AC5E82B00CCD22A /* Main.storyboard */,
				6AA057852AC5E82C00CCD22A /* Assets.xcassets */,
				6AA057872AC5E82C00CCD22A /* LaunchScreen.storyboard */,
				6AA0578A2AC5E82C00CCD22A /* Info.plist */,
			);
			path = Odev3;
			sourceTree = "<group>";
		};
		6AA057902AC5ED1100CCD22A /* Fonts */ = {
			isa = PBXGroup;
			children = (
				6AA2EDF82AC75F15008E36BF /* CroissantOne-Regular.ttf */,
				6AA057952AC5EE7500CCD22A /* MPLUSRounded1c-Black.ttf */,
				6AA057932AC5EE7500CCD22A /* MPLUSRounded1c-Bold.ttf */,
				6AA057962AC5EE7500CCD22A /* MPLUSRounded1c-ExtraBold.ttf */,
				6AA057982AC5EE7500CCD22A /* MPLUSRounded1c-Light.ttf */,
				6AA057942AC5EE7500CCD22A /* MPLUSRounded1c-Medium.ttf */,
				6AA057972AC5EE7500CCD22A /* MPLUSRounded1c-Regular.ttf */,
				6AA057912AC5ED3F00CCD22A /* MPLUSRounded1c-Thin.ttf */,
			);
			path = Fonts;
			sourceTree = "<group>";
		};
/* End PBXGroup section */

/* Begin PBXNativeTarget section */
		6AA057782AC5E82B00CCD22A /* Odev3 */ = {
			isa = PBXNativeTarget;
			buildConfigurationList = 6AA0578D2AC5E82C00CCD22A /* Build configuration list for PBXNativeTarget "Odev3" */;
			buildPhases = (
				6AA057752AC5E82B00CCD22A /* Sources */,
				6AA057762AC5E82B00CCD22A /* Frameworks */,
				6AA057772AC5E82B00CCD22A /* Resources */,
			);
			buildRules = (
			);
			dependencies = (
			);
			name = Odev3;
			productName = Odev3;
			productReference = 6AA057792AC5E82B00CCD22A /* Odev3.app */;
			productType = "com.apple.product-type.application";
		};
/* End PBXNativeTarget section */

/* Begin PBXProject section */
		6AA057712AC5E82B00CCD22A /* Project object */ = {
			isa = PBXProject;
			attributes = {
				BuildIndependentTargetsInParallel = 1;
				LastSwiftUpdateCheck = 1430;
				LastUpgradeCheck = 1430;
				TargetAttributes = {
					6AA057782AC5E82B00CCD22A = {
						CreatedOnToolsVersion = 14.3.1;
					};
				};
			};
			buildConfigurationList = 6AA057742AC5E82B00CCD22A /* Build configuration list for PBXProject "Odev3" */;
			compatibilityVersion = "Xcode 14.0";
			developmentRegion = en;
			hasScannedForEncodings = 0;
			knownRegions = (
				en,
				Base,
				tr,
			);
			mainGroup = 6AA057702AC5E82B00CCD22A;
			productRefGroup = 6AA0577A2AC5E82B00CCD22A /* Products */;
			projectDirPath = "";
			projectRoot = "";
			targets = (
				6AA057782AC5E82B00CCD22A /* Odev3 */,
			);
		};
/* End PBXProject section */

/* Begin PBXResourcesBuildPhase section */
		6AA057772AC5E82B00CCD22A /* Resources */ = {
			isa = PBXResourcesBuildPhase;
			buildActionMask = 2147483647;
			files = (
				6AA0579C2AC5EE7500CCD22A /* MPLUSRounded1c-ExtraBold.ttf in Resources */,
				6AA057892AC5E82C00CCD22A /* LaunchScreen.storyboard in Resources */,
				6AA057992AC5EE7500CCD22A /* MPLUSRounded1c-Bold.ttf in Resources */,
				6AA0579E2AC5EE7500CCD22A /* MPLUSRounded1c-Light.ttf in Resources */,
				6AA0579B2AC5EE7500CCD22A /* MPLUSRounded1c-Black.ttf in Resources */,
				6AA057922AC5ED3F00CCD22A /* MPLUSRounded1c-Thin.ttf in Resources */,
				6AA2EDF92AC75F15008E36BF /* CroissantOne-Regular.ttf in Resources */,
				6AA0579A2AC5EE7500CCD22A /* MPLUSRounded1c-Medium.ttf in Resources */,
				6AA0579D2AC5EE7500CCD22A /* MPLUSRounded1c-Regular.ttf in Resources */,
				6AA057862AC5E82C00CCD22A /* Assets.xcassets in Resources */,
				6AA057842AC5E82B00CCD22A /* Main.storyboard in Resources */,
			);
			runOnlyForDeploymentPostprocessing = 0;
		};
/* End PBXResourcesBuildPhase section */

/* Begin PBXSourcesBuildPhase section */
		6AA057752AC5E82B00CCD22A /* Sources */ = {
			isa = PBXSourcesBuildPhase;
			buildActionMask = 2147483647;
			files = (
				6AA057812AC5E82B00CCD22A /* ViewController.swift in Sources */,
				6AA0577D2AC5E82B00CCD22A /* AppDelegate.swift in Sources */,
				6AA0577F2AC5E82B00CCD22A /* SceneDelegate.swift in Sources */,
			);
			runOnlyForDeploymentPostprocessing = 0;
		};
/* End PBXSourcesBuildPhase section */

/* Begin PBXVariantGroup section */
		6AA057822AC5E82B00CCD22A /* Main.storyboard */ = {
			isa = PBXVariantGroup;
			children = (
				6AA057832AC5E82B00CCD22A /* Base */,
				6AA2EDF62AC74EE8008E36BF /* tr */,
			);
			name = Main.storyboard;
			sourceTree = "<group>";
		};
		6AA057872AC5E82C00CCD22A /* LaunchScreen.storyboard */ = {
			isa = PBXVariantGroup;
			children = (
				6AA057882AC5E82C00CCD22A /* Base */,
				6AA2EDF72AC74EE8008E36BF /* tr */,
			);
			name = LaunchScreen.storyboard;
			sourceTree = "<group>";
		};
/* End PBXVariantGroup section */

/* Begin XCBuildConfiguration section */
		6AA0578B2AC5E82C00CCD22A /* Debug */ = {
			isa = XCBuildConfiguration;
			buildSettings = {
				ALWAYS_SEARCH_USER_PATHS = NO;
				CLANG_ANALYZER_LOCALIZABILITY_NONLOCALIZED = YES;
				CLANG_ANALYZER_NONNULL = YES;
				CLANG_ANALYZER_NUMBER_OBJECT_CONVERSION = YES_AGGRESSIVE;
				CLANG_CXX_LANGUAGE_STANDARD = "gnu++20";
				CLANG_ENABLE_MODULES = YES;
				CLANG_ENABLE_OBJC_ARC = YES;
				CLANG_ENABLE_OBJC_WEAK = YES;
				CLANG_WARN_BLOCK_CAPTURE_AUTORELEASING = YES;
				CLANG_WARN_BOOL_CONVERSION = YES;
				CLANG_WARN_COMMA = YES;
				CLANG_WARN_CONSTANT_CONVERSION = YES;
				CLANG_WARN_DEPRECATED_OBJC_IMPLEMENTATIONS = YES;
				CLANG_WARN_DIRECT_OBJC_ISA_USAGE = YES_ERROR;
				CLANG_WARN_DOCUMENTATION_COMMENTS = YES;
				CLANG_WARN_EMPTY_BODY = YES;
				CLANG_WARN_ENUM_CONVERSION = YES;
				CLANG_WARN_INFINITE_RECURSION = YES;
				CLANG_WARN_INT_CONVERSION = YES;
				CLANG_WARN_NON_LITERAL_NULL_CONVERSION = YES;
				CLANG_WARN_OBJC_IMPLICIT_RETAIN_SELF = YES;
				CLANG_WARN_OBJC_LITERAL_CONVERSION = YES;
				CLANG_WARN_OBJC_ROOT_CLASS = YES_ERROR;
				CLANG_WARN_QUOTED_INCLUDE_IN_FRAMEWORK_HEADER = YES;
				CLANG_WARN_RANGE_LOOP_ANALYSIS = YES;
				CLANG_WARN_STRICT_PROTOTYPES = YES;
				CLANG_WARN_SUSPICIOUS_MOVE = YES;
				CLANG_WARN_UNGUARDED_AVAILABILITY = YES_AGGRESSIVE;
				CLANG_WARN_UNREACHABLE_CODE = YES;
				CLANG_WARN__DUPLICATE_METHOD_MATCH = YES;
				COPY_PHASE_STRIP = NO;
				DEBUG_INFORMATION_FORMAT = dwarf;
				ENABLE_STRICT_OBJC_MSGSEND = YES;
				ENABLE_TESTABILITY = YES;
				GCC_C_LANGUAGE_STANDARD = gnu11;
				GCC_DYNAMIC_NO_PIC = NO;
				GCC_NO_COMMON_BLOCKS = YES;
				GCC_OPTIMIZATION_LEVEL = 0;
				GCC_PREPROCESSOR_DEFINITIONS = (
					"DEBUG=1",
					"$(inherited)",
				);
				GCC_WARN_64_TO_32_BIT_CONVERSION = YES;
				GCC_WARN_ABOUT_RETURN_TYPE = YES_ERROR;
				GCC_WARN_UNDECLARED_SELECTOR = YES;
				GCC_WARN_UNINITIALIZED_AUTOS = YES_AGGRESSIVE;
				GCC_WARN_UNUSED_FUNCTION = YES;
				GCC_WARN_UNUSED_VARIABLE = YES;
				IPHONEOS_DEPLOYMENT_TARGET = 16.4;
				MTL_ENABLE_DEBUG_INFO = INCLUDE_SOURCE;
				MTL_FAST_MATH = YES;
				ONLY_ACTIVE_ARCH = YES;
				SDKROOT = iphoneos;
				SWIFT_ACTIVE_COMPILATION_CONDITIONS = DEBUG;
				SWIFT_OPTIMIZATION_LEVEL = "-Onone";
			};
			name = Debug;
		};
		6AA0578C2AC5E82C00CCD22A /* Release */ = {
			isa = XCBuildConfiguration;
			buildSettings = {
				ALWAYS_SEARCH_USER_PATHS = NO;
				CLANG_ANALYZER_LOCALIZABILITY_NONLOCALIZED = YES;
				CLANG_ANALYZER_NONNULL = YES;
				CLANG_ANALYZER_NUMBER_OBJECT_CONVERSION = YES_AGGRESSIVE;
				CLANG_CXX_LANGUAGE_STANDARD = "gnu++20";
				CLANG_ENABLE_MODULES = YES;
				CLANG_ENABLE_OBJC_ARC = YES;
				CLANG_ENABLE_OBJC_WEAK = YES;
				CLANG_WARN_BLOCK_CAPTURE_AUTORELEASING = YES;
				CLANG_WARN_BOOL_CONVERSION = YES;
				CLANG_WARN_COMMA = YES;
				CLANG_WARN_CONSTANT_CONVERSION = YES;
				CLANG_WARN_DEPRECATED_OBJC_IMPLEMENTATIONS = YES;
				CLANG_WARN_DIRECT_OBJC_ISA_USAGE = YES_ERROR;
				CLANG_WARN_DOCUMENTATION_COMMENTS = YES;
				CLANG_WARN_EMPTY_BODY = YES;
				CLANG_WARN_ENUM_CONVERSION = YES;
				CLANG_WARN_INFINITE_RECURSION = YES;
				CLANG_WARN_INT_CONVERSION = YES;
				CLANG_WARN_NON_LITERAL_NULL_CONVERSION = YES;
				CLANG_WARN_OBJC_IMPLICIT_RETAIN_SELF = YES;
				CLANG_WARN_OBJC_LITERAL_CONVERSION = YES;
				CLANG_WARN_OBJC_ROOT_CLASS = YES_ERROR;
				CLANG_WARN_QUOTED_INCLUDE_IN_FRAMEWORK_HEADER = YES;
				CLANG_WARN_RANGE_LOOP_ANALYSIS = YES;
				CLANG_WARN_STRICT_PROTOTYPES = YES;
				CLANG_WARN_SUSPICIOUS_MOVE = YES;
				CLANG_WARN_UNGUARDED_AVAILABILITY = YES_AGGRESSIVE;
				CLANG_WARN_UNREACHABLE_CODE = YES;
				CLANG_WARN__DUPLICATE_METHOD_MATCH = YES;
				COPY_PHASE_STRIP = NO;
				DEBUG_INFORMATION_FORMAT = "dwarf-with-dsym";
				ENABLE_NS_ASSERTIONS = NO;
				ENABLE_STRICT_OBJC_MSGSEND = YES;
				GCC_C_LANGUAGE_STANDARD = gnu11;
				GCC_NO_COMMON_BLOCKS = YES;
				GCC_WARN_64_TO_32_BIT_CONVERSION = YES;
				GCC_WARN_ABOUT_RETURN_TYPE = YES_ERROR;
				GCC_WARN_UNDECLARED_SELECTOR = YES;
				GCC_WARN_UNINITIALIZED_AUTOS = YES_AGGRESSIVE;
				GCC_WARN_UNUSED_FUNCTION = YES;
				GCC_WARN_UNUSED_VARIABLE = YES;
				IPHONEOS_DEPLOYMENT_TARGET = 16.4;
				MTL_ENABLE_DEBUG_INFO = NO;
				MTL_FAST_MATH = YES;
				SDKROOT = iphoneos;
				SWIFT_COMPILATION_MODE = wholemodule;
				SWIFT_OPTIMIZATION_LEVEL = "-O";
				VALIDATE_PRODUCT = YES;
			};
			name = Release;
		};
		6AA0578E2AC5E82C00CCD22A /* Debug */ = {
			isa = XCBuildConfiguration;
			buildSettings = {
				ASSETCATALOG_COMPILER_APPICON_NAME = AppIcon;
				ASSETCATALOG_COMPILER_GLOBAL_ACCENT_COLOR_NAME = AccentColor;
				CODE_SIGN_STYLE = Automatic;
				CURRENT_PROJECT_VERSION = 1;
				GENERATE_INFOPLIST_FILE = YES;
				INFOPLIST_FILE = Odev3/Info.plist;
				INFOPLIST_KEY_UIApplicationSupportsIndirectInputEvents = YES;
				INFOPLIST_KEY_UILaunchStoryboardName = LaunchScreen;
				INFOPLIST_KEY_UIMainStoryboardFile = Main;
				INFOPLIST_KEY_UISupportedInterfaceOrientations_iPad = "UIInterfaceOrientationPortrait UIInterfaceOrientationPortraitUpsideDown UIInterfaceOrientationLandscapeLeft UIInterfaceOrientationLandscapeRight";
				INFOPLIST_KEY_UISupportedInterfaceOrientations_iPhone = "UIInterfaceOrientationPortrait UIInterfaceOrientationLandscapeLeft UIInterfaceOrientationLandscapeRight";
				LD_RUNPATH_SEARCH_PATHS = (
					"$(inherited)",
					"@executable_path/Frameworks",
				);
				MARKETING_VERSION = 1.0;
				PRODUCT_BUNDLE_IDENTIFIER = com.ebrubaris.Odev3;
				PRODUCT_NAME = "$(TARGET_NAME)";
				SWIFT_EMIT_LOC_STRINGS = YES;
				SWIFT_VERSION = 5.0;
				TARGETED_DEVICE_FAMILY = "1,2";
			};
			name = Debug;
		};
		6AA0578F2AC5E82C00CCD22A /* Release */ = {
			isa = XCBuildConfiguration;
			buildSettings = {
				ASSETCATALOG_COMPILER_APPICON_NAME = AppIcon;
				ASSETCATALOG_COMPILER_GLOBAL_ACCENT_COLOR_NAME = AccentColor;
				CODE_SIGN_STYLE = Automatic;
				CURRENT_PROJECT_VERSION = 1;
				GENERATE_INFOPLIST_FILE = YES;
				INFOPLIST_FILE = Odev3/Info.plist;
				INFOPLIST_KEY_UIApplicationSupportsIndirectInputEvents = YES;
				INFOPLIST_KEY_UILaunchStoryboardName = LaunchScreen;
				INFOPLIST_KEY_UIMainStoryboardFile = Main;
				INFOPLIST_KEY_UISupportedInterfaceOrientations_iPad = "UIInterfaceOrientationPortrait UIInterfaceOrientationPortraitUpsideDown UIInterfaceOrientationLandscapeLeft UIInterfaceOrientationLandscapeRight";
				INFOPLIST_KEY_UISupportedInterfaceOrientations_iPhone = "UIInterfaceOrientationPortrait UIInterfaceOrientationLandscapeLeft UIInterfaceOrientationLandscapeRight";
				LD_RUNPATH_SEARCH_PATHS = (
					"$(inherited)",
					"@executable_path/Frameworks",
				);
				MARKETING_VERSION = 1.0;
				PRODUCT_BUNDLE_IDENTIFIER = com.ebrubaris.Odev3;
				PRODUCT_NAME = "$(TARGET_NAME)";
				SWIFT_EMIT_LOC_STRINGS = YES;
				SWIFT_VERSION = 5.0;
				TARGETED_DEVICE_FAMILY = "1,2";
			};
			name = Release;
		};
/* End XCBuildConfiguration section */

/* Begin XCConfigurationList section */
		6AA057742AC5E82B00CCD22A /* Build configuration list for PBXProject "Odev3" */ = {
			isa = XCConfigurationList;
			buildConfigurations = (
				6AA0578B2AC5E82C00CCD22A /* Debug */,
				6AA0578C2AC5E82C00CCD22A /* Release */,
			);
			defaultConfigurationIsVisible = 0;
			defaultConfigurationName = Release;
		};
		6AA0578D2AC5E82C00CCD22A /* Build configuration list for PBXNativeTarget "Odev3" */ = {
			isa = XCConfigurationList;
			buildConfigurations = (
				6AA0578E2AC5E82C00CCD22A /* Debug */,
				6AA0578F2AC5E82C00CCD22A /* Release */,
			);
			defaultConfigurationIsVisible = 0;
			defaultConfigurationName = Release;
		};
/* End XCConfigurationList section */
	};
	rootObject = 6AA057712AC5E82B00CCD22A /* Project object */;
}
